PODS:
  - Masonry (0.6.4)
  - SDWebImage (3.7.5):
    - SDWebImage/Core (= 3.7.5)
  - SDWebImage/Core (3.7.5)

DEPENDENCIES:
  - Masonry (~> 0.6.4)
  - SDWebImage (~> 3.7.3)

SPEC CHECKSUMS:
  Masonry: 281802d04d787ea2973179ee8bcb50500579ede2
  SDWebImage: 69c6303e3348fba97e03f65d65d4fbc26740f461

PODFILE CHECKSUM: 47db646349409e822324b47e1cc8bd0c3ee798bb

COCOAPODS: 1.0.0.beta.4
